
Microsoft Visual Studio Solution File, Format Version 12.00
# Visual Studio Version 17
VisualStudioVersion = 17.0.32014.148
MinimumVisualStudioVersion = 10.0.40219.1
Project("{9A19103F-16F7-4668-BE54-9A1E7A4F7556}") = "Homework.Phone", "Homework.Phone\Homework.Phone.csproj", "{153F9FF4-2E49-4959-8991-B5E8F9820474}"
EndProject
Project("{9A19103F-16F7-4668-BE54-9A1E7A4F7556}") = "ClassLibrary.Helpers", "ClassLibrary.Helpers\ClassLibrary.Helpers.csproj", "{966D38AA-CD64-425C-BC3C-6D6045D60BD7}"
EndProject
Project("{FAE04EC0-301F-11D3-BF4B-00C04F79EFBC}") = "ConsoleApp.Demo", "ConsoleApp.Demo\ConsoleApp.Demo.csproj", "{779843E9-BD3E-456A-B2F4-823EC617C6D3}"
EndProject
Global
	GlobalSection(SolutionConfigurationPlatforms) = preSolution
		Debug|Any CPU = Debug|Any CPU
		Release|Any CPU = Release|Any CPU
	EndGlobalSection
	GlobalSection(ProjectConfigurationPlatforms) = postSolution
		{153F9FF4-2E49-4959-8991-B5E8F9820474}.Debug|Any CPU.ActiveCfg = Debug|Any CPU
		{153F9FF4-2E49-4959-8991-B5E8F9820474}.Debug|Any CPU.Build.0 = Debug|Any CPU
		{153F9FF4-2E49-4959-8991-B5E8F9820474}.Release|Any CPU.ActiveCfg = Release|Any CPU
		{153F9FF4-2E49-4959-8991-B5E8F9820474}.Release|Any CPU.Build.0 = Release|Any CPU
		{966D38AA-CD64-425C-BC3C-6D6045D60BD7}.Debug|Any CPU.ActiveCfg = Debug|Any CPU
		{966D38AA-CD64-425C-BC3C-6D6045D60BD7}.Debug|Any CPU.Build.0 = Debug|Any CPU
		{966D38AA-CD64-425C-BC3C-6D6045D60BD7}.Release|Any CPU.ActiveCfg = Release|Any CPU
		{966D38AA-CD64-425C-BC3C-6D6045D60BD7}.Release|Any CPU.Build.0 = Release|Any CPU
		{779843E9-BD3E-456A-B2F4-823EC617C6D3}.Debug|Any CPU.ActiveCfg = Debug|Any CPU
		{779843E9-BD3E-456A-B2F4-823EC617C6D3}.Debug|Any CPU.Build.0 = Debug|Any CPU
		{779843E9-BD3E-456A-B2F4-823EC617C6D3}.Release|Any CPU.ActiveCfg = Release|Any CPU
		{779843E9-BD3E-456A-B2F4-823EC617C6D3}.Release|Any CPU.Build.0 = Release|Any CPU
	EndGlobalSection
	GlobalSection(SolutionProperties) = preSolution
		HideSolutionNode = FALSE
	EndGlobalSection
	GlobalSection(ExtensibilityGlobals) = postSolution
		SolutionGuid = {2FA3E90F-6B95-4879-886B-CC691BD2FBB9}
	EndGlobalSection
EndGlobal
